Microsoft Visual Studio Solution File, Format Version 12.00
# Visual Studio Version 17
VisualStudioVersion = 17.0.31903.59
MinimumVisualStudioVersion = 10.0.40219.1
Project("{2150E333-8FDC-42A3-9474-1A3956D46DE8}") = "src", "src", "{827E0CD3-B72D-47B6-A68D-7590B98EB39B}"
EndProject
Project("{FAE04EC0-301F-11D3-BF4B-00C04F79EFBC}") = "Banking.Common", "src\Banking.Common\Banking.Common.csproj", "{E5E7FB28-97BE-460E-85EB-3C6511E1C855}"
EndProject
Project("{2150E333-8FDC-42A3-9474-1A3956D46DE8}") = "Banking.Services.Main", "Banking.Services.Main", "{31DF80EA-9C24-28AF-6C54-B5074EAD457F}"
EndProject
Project("{FAE04EC0-301F-11D3-BF4B-00C04F79EFBC}") = "Banking.Services.Main.Api", "src\Banking.Services.Main\Banking.Services.Main.Api\Banking.Services.Main.Api.csproj", "{42E33719-DA51-4DDC-9114-AF9A9CEF6823}"
EndProject
Project("{FAE04EC0-301F-11D3-BF4B-00C04F79EFBC}") = "Banking.Services.Main.Core", "src\Banking.Services.Main\Banking.Services.Main.Core\Banking.Services.Main.Core.csproj", "{23F4DC18-021F-4094-A3DE-61E26C0917A3}"
EndProject
Project("{FAE04EC0-301F-11D3-BF4B-00C04F79EFBC}") = "Banking.Services.Main.Infrastructure", "src\Banking.Services.Main\Banking.Services.Main.Infrastructure\Banking.Services.Main.Infrastructure.csproj", "{21642040-6849-4D18-80BF-09A6743973E3}"
EndProject
Project("{FAE04EC0-301F-11D3-BF4B-00C04F79EFBC}") = "Banking.Services.Main.Application", "src\Banking.Services.Main\Banking.Services.Main.Application\Banking.Services.Main.Application.csproj", "{3A0C7959-720D-4FAB-B558-57C894588C4A}"
EndProject
Project("{2150E333-8FDC-42A3-9474-1A3956D46DE8}") = "Banking.Services.Admin", "Banking.Services.Admin", "{0F2C3962-FD03-1987-7748-B29F7E46B013}"
EndProject
Project("{FAE04EC0-301F-11D3-BF4B-00C04F79EFBC}") = "Banking.Services.Admin.Api", "src\Banking.Services.Admin\Banking.Services.Admin.Api\Banking.Services.Admin.Api.csproj", "{7774C2C4-BF59-4F2D-8E1A-7D5B4B106AC2}"
EndProject
Project("{FAE04EC0-301F-11D3-BF4B-00C04F79EFBC}") = "Banking.Services.Admin.Core", "src\Banking.Services.Admin\Banking.Services.Admin.Core\Banking.Services.Admin.Core.csproj", "{4076A0D4-D5A2-416A-9CFC-3EF09A2902F3}"
EndProject
Project("{FAE04EC0-301F-11D3-BF4B-00C04F79EFBC}") = "Banking.Services.Admin.Infrastructure", "src\Banking.Services.Admin\Banking.Services.Admin.Infrastructure\Banking.Services.Admin.Infrastructure.csproj", "{C0B21580-CE89-4980-96C9-AF204260835B}"
EndProject
Project("{FAE04EC0-301F-11D3-BF4B-00C04F79EFBC}") = "Banking.Services.Admin.Application", "src\Banking.Services.Admin\Banking.Services.Admin.Application\Banking.Services.Admin.Application.csproj", "{49950435-BFFD-498F-9A87-43E61DF717E6}"
EndProject
Project("{2150E333-8FDC-42A3-9474-1A3956D46DE8}") = "tests", "tests", "{0AB3BF05-4346-4AA6-1389-037BE0695223}"
EndProject
Project("{FAE04EC0-301F-11D3-BF4B-00C04F79EFBC}") = "Banking.Services.Main.Tests", "tests\Banking.Services.Main.Tests\Banking.Services.Main.Tests.csproj", "{07CFF650-5DA0-40E6-94EB-C5F1BEDD011E}"
EndProject
Project("{FAE04EC0-301F-11D3-BF4B-00C04F79EFBC}") = "Banking.Services.Admin.Tests", "tests\Banking.Services.Admin.Tests\Banking.Services.Admin.Tests.csproj", "{21C3D9E1-F99A-45AE-94F1-147561BC859E}"
EndProject
Project("{2150E333-8FDC-42A3-9474-1A3956D46DE8}") = "banking", "banking", "{EAD3EB8E-70DD-C817-30E7-F7678650DC22}"
EndProject
Project("{2150E333-8FDC-42A3-9474-1A3956D46DE8}") = "src", "src", "{C11794AA-9651-1D42-7E92-92BC8E731CB5}"
EndProject
Project("{2150E333-8FDC-42A3-9474-1A3956D46DE8}") = "Banking.Services.Finance", "Banking.Services.Finance", "{D8F16117-CADC-CBB4-4310-268A93D36F57}"
EndProject
Project("{FAE04EC0-301F-11D3-BF4B-00C04F79EFBC}") = "Banking.Services.Finance.Api", "banking\src\Banking.Services.Finance\Banking.Services.Finance.Api\Banking.Services.Finance.Api.csproj", "{9980DBFD-4E3D-49C0-A9C5-636255E47CEE}"
EndProject
Project("{FAE04EC0-301F-11D3-BF4B-00C04F79EFBC}") = "Banking.Services.Finance.Core", "banking\src\Banking.Services.Finance\Banking.Services.Finance.Core\Banking.Services.Finance.Core.csproj", "{A7B3AB14-2514-4F91-9C3F-F6B984391817}"
EndProject
Project("{FAE04EC0-301F-11D3-BF4B-00C04F79EFBC}") = "Banking.Services.Finance.Infrastructure", "banking\src\Banking.Services.Finance\Banking.Services.Finance.Infrastructure\Banking.Services.Finance.Infrastructure.csproj", "{1DCBE8B9-E301-442B-AB3C-49006B7C6A1C}"
EndProject
Project("{FAE04EC0-301F-11D3-BF4B-00C04F79EFBC}") = "Banking.Services.Finance.Application", "banking\src\Banking.Services.Finance\Banking.Services.Finance.Application\Banking.Services.Finance.Application.csproj", "{2F3B71C3-18AD-4AE5-8D4A-DA298F1DEFE2}"
EndProject
Project("{FAE04EC0-301F-11D3-BF4B-00C04F79EFBC}") = "Banking.Gateway", "banking\src\Banking.Gateway\Banking.Gateway.csproj", "{F603660C-64F1-4BB6-8E0E-19CBCBEA9BAB}"
EndProject
Project("{FAE04EC0-301F-11D3-BF4B-00C04F79EFBC}") = "Banking.ServiceRegistry", "banking\src\Banking.ServiceRegistry\Banking.ServiceRegistry.csproj", "{63027005-BCCC-4B62-8400-646D2F136F24}"
EndProject
Global
	GlobalSection(SolutionConfigurationPlatforms) = preSolution
		Debug|Any CPU = Debug|Any CPU
		Debug|x64 = Debug|x64
		Debug|x86 = Debug|x86
		Release|Any CPU = Release|Any CPU
		Release|x64 = Release|x64
		Release|x86 = Release|x86
	EndGlobalSection
	GlobalSection(ProjectConfigurationPlatforms) = postSolution
		{E5E7FB28-97BE-460E-85EB-3C6511E1C855}.Debug|Any CPU.ActiveCfg = Debug|Any CPU
		{E5E7FB28-97BE-460E-85EB-3C6511E1C855}.Debug|Any CPU.Build.0 = Debug|Any CPU
		{E5E7FB28-97BE-460E-85EB-3C6511E1C855}.Debug|x64.ActiveCfg = Debug|Any CPU
		{E5E7FB28-97BE-460E-85EB-3C6511E1C855}.Debug|x64.Build.0 = Debug|Any CPU
		{E5E7FB28-97BE-460E-85EB-3C6511E1C855}.Debug|x86.ActiveCfg = Debug|Any CPU
		{E5E7FB28-97BE-460E-85EB-3C6511E1C855}.Debug|x86.Build.0 = Debug|Any CPU
		{E5E7FB28-97BE-460E-85EB-3C6511E1C855}.Release|Any CPU.ActiveCfg = Release|Any CPU
		{E5E7FB28-97BE-460E-85EB-3C6511E1C855}.Release|Any CPU.Build.0 = Release|Any CPU
		{E5E7FB28-97BE-460E-85EB-3C6511E1C855}.Release|x64.ActiveCfg = Release|Any CPU
		{E5E7FB28-97BE-460E-85EB-3C6511E1C855}.Release|x64.Build.0 = Release|Any CPU
		{E5E7FB28-97BE-460E-85EB-3C6511E1C855}.Release|x86.ActiveCfg = Release|Any CPU
		{E5E7FB28-97BE-460E-85EB-3C6511E1C855}.Release|x86.Build.0 = Release|Any CPU
		{42E33719-DA51-4DDC-9114-AF9A9CEF6823}.Debug|Any CPU.ActiveCfg = Debug|Any CPU
		{42E33719-DA51-4DDC-9114-AF9A9CEF6823}.Debug|Any CPU.Build.0 = Debug|Any CPU
		{42E33719-DA51-4DDC-9114-AF9A9CEF6823}.Debug|x64.ActiveCfg = Debug|Any CPU
		{42E33719-DA51-4DDC-9114-AF9A9CEF6823}.Debug|x64.Build.0 = Debug|Any CPU
		{42E33719-DA51-4DDC-9114-AF9A9CEF6823}.Debug|x86.ActiveCfg = Debug|Any CPU
		{42E33719-DA51-4DDC-9114-AF9A9CEF6823}.Debug|x86.Build.0 = Debug|Any CPU
		{42E33719-DA51-4DDC-9114-AF9A9CEF6823}.Release|Any CPU.ActiveCfg = Release|Any CPU
		{42E33719-DA51-4DDC-9114-AF9A9CEF6823}.Release|Any CPU.Build.0 = Release|Any CPU
		{42E33719-DA51-4DDC-9114-AF9A9CEF6823}.Release|x64.ActiveCfg = Release|Any CPU
		{42E33719-DA51-4DDC-9114-AF9A9CEF6823}.Release|x64.Build.0 = Release|Any CPU
		{42E33719-DA51-4DDC-9114-AF9A9CEF6823}.Release|x86.ActiveCfg = Release|Any CPU
		{42E33719-DA51-4DDC-9114-AF9A9CEF6823}.Release|x86.Build.0 = Release|Any CPU
		{23F4DC18-021F-4094-A3DE-61E26C0917A3}.Debug|Any CPU.ActiveCfg = Debug|Any CPU
		{23F4DC18-021F-4094-A3DE-61E26C0917A3}.Debug|Any CPU.Build.0 = Debug|Any CPU
		{23F4DC18-021F-4094-A3DE-61E26C0917A3}.Debug|x64.ActiveCfg = Debug|Any CPU
		{23F4DC18-021F-4094-A3DE-61E26C0917A3}.Debug|x64.Build.0 = Debug|Any CPU
		{23F4DC18-021F-4094-A3DE-61E26C0917A3}.Debug|x86.ActiveCfg = Debug|Any CPU
		{23F4DC18-021F-4094-A3DE-61E26C0917A3}.Debug|x86.Build.0 = Debug|Any CPU
		{23F4DC18-021F-4094-A3DE-61E26C0917A3}.Release|Any CPU.ActiveCfg = Release|Any CPU
		{23F4DC18-021F-4094-A3DE-61E26C0917A3}.Release|Any CPU.Build.0 = Release|Any CPU
		{23F4DC18-021F-4094-A3DE-61E26C0917A3}.Release|x64.ActiveCfg = Release|Any CPU
		{23F4DC18-021F-4094-A3DE-61E26C0917A3}.Release|x64.Build.0 = Release|Any CPU
		{23F4DC18-021F-4094-A3DE-61E26C0917A3}.Release|x86.ActiveCfg = Release|Any CPU
		{23F4DC18-021F-4094-A3DE-61E26C0917A3}.Release|x86.Build.0 = Release|Any CPU
		{21642040-6849-4D18-80BF-09A6743973E3}.Debug|Any CPU.ActiveCfg = Debug|Any CPU
		{21642040-6849-4D18-80BF-09A6743973E3}.Debug|Any CPU.Build.0 = Debug|Any CPU
		{21642040-6849-4D18-80BF-09A6743973E3}.Debug|x64.ActiveCfg = Debug|Any CPU
		{21642040-6849-4D18-80BF-09A6743973E3}.Debug|x64.Build.0 = Debug|Any CPU
		{21642040-6849-4D18-80BF-09A6743973E3}.Debug|x86.ActiveCfg = Debug|Any CPU
		{21642040-6849-4D18-80BF-09A6743973E3}.Debug|x86.Build.0 = Debug|Any CPU
		{21642040-6849-4D18-80BF-09A6743973E3}.Release|Any CPU.ActiveCfg = Release|Any CPU
		{21642040-6849-4D18-80BF-09A6743973E3}.Release|Any CPU.Build.0 = Release|Any CPU
		{21642040-6849-4D18-80BF-09A6743973E3}.Release|x64.ActiveCfg = Release|Any CPU
		{21642040-6849-4D18-80BF-09A6743973E3}.Release|x64.Build.0 = Release|Any CPU
		{21642040-6849-4D18-80BF-09A6743973E3}.Release|x86.ActiveCfg = Release|Any CPU
		{21642040-6849-4D18-80BF-09A6743973E3}.Release|x86.Build.0 = Release|Any CPU
		{3A0C7959-720D-4FAB-B558-57C894588C4A}.Debug|Any CPU.ActiveCfg = Debug|Any CPU
		{3A0C7959-720D-4FAB-B558-57C894588C4A}.Debug|Any CPU.Build.0 = Debug|Any CPU
		{3A0C7959-720D-4FAB-B558-57C894588C4A}.Debug|x64.ActiveCfg = Debug|Any CPU
		{3A0C7959-720D-4FAB-B558-57C894588C4A}.Debug|x64.Build.0 = Debug|Any CPU
		{3A0C7959-720D-4FAB-B558-57C894588C4A}.Debug|x86.ActiveCfg = Debug|Any CPU
		{3A0C7959-720D-4FAB-B558-57C894588C4A}.Debug|x86.Build.0 = Debug|Any CPU
		{3A0C7959-720D-4FAB-B558-57C894588C4A}.Release|Any CPU.ActiveCfg = Release|Any CPU
		{3A0C7959-720D-4FAB-B558-57C894588C4A}.Release|Any CPU.Build.0 = Release|Any CPU
		{3A0C7959-720D-4FAB-B558-57C894588C4A}.Release|x64.ActiveCfg = Release|Any CPU
		{3A0C7959-720D-4FAB-B558-57C894588C4A}.Release|x64.Build.0 = Release|Any CPU
		{3A0C7959-720D-4FAB-B558-57C894588C4A}.Release|x86.ActiveCfg = Release|Any CPU
		{3A0C7959-720D-4FAB-B558-57C894588C4A}.Release|x86.Build.0 = Release|Any CPU
		{7774C2C4-BF59-4F2D-8E1A-7D5B4B106AC2}.Debug|Any CPU.ActiveCfg = Debug|Any CPU
		{7774C2C4-BF59-4F2D-8E1A-7D5B4B106AC2}.Debug|Any CPU.Build.0 = Debug|Any CPU
		{7774C2C4-BF59-4F2D-8E1A-7D5B4B106AC2}.Debug|x64.ActiveCfg = Debug|Any CPU
		{7774C2C4-BF59-4F2D-8E1A-7D5B4B106AC2}.Debug|x64.Build.0 = Debug|Any CPU
		{7774C2C4-BF59-4F2D-8E1A-7D5B4B106AC2}.Debug|x86.ActiveCfg = Debug|Any CPU
		{7774C2C4-BF59-4F2D-8E1A-7D5B4B106AC2}.Debug|x86.Build.0 = Debug|Any CPU
		{7774C2C4-BF59-4F2D-8E1A-7D5B4B106AC2}.Release|Any CPU.ActiveCfg = Release|Any CPU
		{7774C2C4-BF59-4F2D-8E1A-7D5B4B106AC2}.Release|Any CPU.Build.0 = Release|Any CPU
		{7774C2C4-BF59-4F2D-8E1A-7D5B4B106AC2}.Release|x64.ActiveCfg = Release|Any CPU
		{7774C2C4-BF59-4F2D-8E1A-7D5B4B106AC2}.Release|x64.Build.0 = Release|Any CPU
		{7774C2C4-BF59-4F2D-8E1A-7D5B4B106AC2}.Release|x86.ActiveCfg = Release|Any CPU
		{7774C2C4-BF59-4F2D-8E1A-7D5B4B106AC2}.Release|x86.Build.0 = Release|Any CPU
		{4076A0D4-D5A2-416A-9CFC-3EF09A2902F3}.Debug|Any CPU.ActiveCfg = Debug|Any CPU
		{4076A0D4-D5A2-416A-9CFC-3EF09A2902F3}.Debug|Any CPU.Build.0 = Debug|Any CPU
		{4076A0D4-D5A2-416A-9CFC-3EF09A2902F3}.Debug|x64.ActiveCfg = Debug|Any CPU
		{4076A0D4-D5A2-416A-9CFC-3EF09A2902F3}.Debug|x64.Build.0 = Debug|Any CPU
		{4076A0D4-D5A2-416A-9CFC-3EF09A2902F3}.Debug|x86.ActiveCfg = Debug|Any CPU
		{4076A0D4-D5A2-416A-9CFC-3EF09A2902F3}.Debug|x86.Build.0 = Debug|Any CPU
		{4076A0D4-D5A2-416A-9CFC-3EF09A2902F3}.Release|Any CPU.ActiveCfg = Release|Any CPU
		{4076A0D4-D5A2-416A-9CFC-3EF09A2902F3}.Release|Any CPU.Build.0 = Release|Any CPU
		{4076A0D4-D5A2-416A-9CFC-3EF09A2902F3}.Release|x64.ActiveCfg = Release|Any CPU
		{4076A0D4-D5A2-416A-9CFC-3EF09A2902F3}.Release|x64.Build.0 = Release|Any CPU
		{4076A0D4-D5A2-416A-9CFC-3EF09A2902F3}.Release|x86.ActiveCfg = Release|Any CPU
		{4076A0D4-D5A2-416A-9CFC-3EF09A2902F3}.Release|x86.Build.0 = Release|Any CPU
		{C0B21580-CE89-4980-96C9-AF204260835B}.Debug|Any CPU.ActiveCfg = Debug|Any CPU
		{C0B21580-CE89-4980-96C9-AF204260835B}.Debug|Any CPU.Build.0 = Debug|Any CPU
		{C0B21580-CE89-4980-96C9-AF204260835B}.Debug|x64.ActiveCfg = Debug|Any CPU
		{C0B21580-CE89-4980-96C9-AF204260835B}.Debug|x64.Build.0 = Debug|Any CPU
		{C0B21580-CE89-4980-96C9-AF204260835B}.Debug|x86.ActiveCfg = Debug|Any CPU
		{C0B21580-CE89-4980-96C9-AF204260835B}.Debug|x86.Build.0 = Debug|Any CPU
		{C0B21580-CE89-4980-96C9-AF204260835B}.Release|Any CPU.ActiveCfg = Release|Any CPU
		{C0B21580-CE89-4980-96C9-AF204260835B}.Release|Any CPU.Build.0 = Release|Any CPU
		{C0B21580-CE89-4980-96C9-AF204260835B}.Release|x64.ActiveCfg = Release|Any CPU
		{C0B21580-CE89-4980-96C9-AF204260835B}.Release|x64.Build.0 = Release|Any CPU
		{C0B21580-CE89-4980-96C9-AF204260835B}.Release|x86.ActiveCfg = Release|Any CPU
		{C0B21580-CE89-4980-96C9-AF204260835B}.Release|x86.Build.0 = Release|Any CPU
		{49950435-BFFD-498F-9A87-43E61DF717E6}.Debug|Any CPU.ActiveCfg = Debug|Any CPU
		{49950435-BFFD-498F-9A87-43E61DF717E6}.Debug|Any CPU.Build.0 = Debug|Any CPU
		{49950435-BFFD-498F-9A87-43E61DF717E6}.Debug|x64.ActiveCfg = Debug|Any CPU
		{49950435-BFFD-498F-9A87-43E61DF717E6}.Debug|x64.Build.0 = Debug|Any CPU
		{49950435-BFFD-498F-9A87-43E61DF717E6}.Debug|x86.ActiveCfg = Debug|Any CPU
		{49950435-BFFD-498F-9A87-43E61DF717E6}.Debug|x86.Build.0 = Debug|Any CPU
		{49950435-BFFD-498F-9A87-43E61DF717E6}.Release|Any CPU.ActiveCfg = Release|Any CPU
		{49950435-BFFD-498F-9A87-43E61DF717E6}.Release|Any CPU.Build.0 = Release|Any CPU
		{49950435-BFFD-498F-9A87-43E61DF717E6}.Release|x64.ActiveCfg = Release|Any CPU
		{49950435-BFFD-498F-9A87-43E61DF717E6}.Release|x64.Build.0 = Release|Any CPU
		{49950435-BFFD-498F-9A87-43E61DF717E6}.Release|x86.ActiveCfg = Release|Any CPU
		{49950435-BFFD-498F-9A87-43E61DF717E6}.Release|x86.Build.0 = Release|Any CPU
		{07CFF650-5DA0-40E6-94EB-C5F1BEDD011E}.Debug|Any CPU.ActiveCfg = Debug|Any CPU
		{07CFF650-5DA0-40E6-94EB-C5F1BEDD011E}.Debug|Any CPU.Build.0 = Debug|Any CPU
		{07CFF650-5DA0-40E6-94EB-C5F1BEDD011E}.Debug|x64.ActiveCfg = Debug|Any CPU
		{07CFF650-5DA0-40E6-94EB-C5F1BEDD011E}.Debug|x64.Build.0 = Debug|Any CPU
		{07CFF650-5DA0-40E6-94EB-C5F1BEDD011E}.Debug|x86.ActiveCfg = Debug|Any CPU
		{07CFF650-5DA0-40E6-94EB-C5F1BEDD011E}.Debug|x86.Build.0 = Debug|Any CPU
		{07CFF650-5DA0-40E6-94EB-C5F1BEDD011E}.Release|Any CPU.ActiveCfg = Release|Any CPU
		{07CFF650-5DA0-40E6-94EB-C5F1BEDD011E}.Release|Any CPU.Build.0 = Release|Any CPU
		{07CFF650-5DA0-40E6-94EB-C5F1BEDD011E}.Release|x64.ActiveCfg = Release|Any CPU
		{07CFF650-5DA0-40E6-94EB-C5F1BEDD011E}.Release|x64.Build.0 = Release|Any CPU
		{07CFF650-5DA0-40E6-94EB-C5F1BEDD011E}.Release|x86.ActiveCfg = Release|Any CPU
		{07CFF650-5DA0-40E6-94EB-C5F1BEDD011E}.Release|x86.Build.0 = Release|Any CPU
		{21C3D9E1-F99A-45AE-94F1-147561BC859E}.Debug|Any CPU.ActiveCfg = Debug|Any CPU
		{21C3D9E1-F99A-45AE-94F1-147561BC859E}.Debug|Any CPU.Build.0 = Debug|Any CPU
		{21C3D9E1-F99A-45AE-94F1-147561BC859E}.Debug|x64.ActiveCfg = Debug|Any CPU
		{21C3D9E1-F99A-45AE-94F1-147561BC859E}.Debug|x64.Build.0 = Debug|Any CPU
		{21C3D9E1-F99A-45AE-94F1-147561BC859E}.Debug|x86.ActiveCfg = Debug|Any CPU
		{21C3D9E1-F99A-45AE-94F1-147561BC859E}.Debug|x86.Build.0 = Debug|Any CPU
		{21C3D9E1-F99A-45AE-94F1-147561BC859E}.Release|Any CPU.ActiveCfg = Release|Any CPU
		{21C3D9E1-F99A-45AE-94F1-147561BC859E}.Release|Any CPU.Build.0 = Release|Any CPU
		{21C3D9E1-F99A-45AE-94F1-147561BC859E}.Release|x64.ActiveCfg = Release|Any CPU
		{21C3D9E1-F99A-45AE-94F1-147561BC859E}.Release|x64.Build.0 = Release|Any CPU
		{21C3D9E1-F99A-45AE-94F1-147561BC859E}.Release|x86.ActiveCfg = Release|Any CPU
		{21C3D9E1-F99A-45AE-94F1-147561BC859E}.Release|x86.Build.0 = Release|Any CPU
		{9980DBFD-4E3D-49C0-A9C5-636255E47CEE}.Debug|Any CPU.ActiveCfg = Debug|Any CPU
		{9980DBFD-4E3D-49C0-A9C5-636255E47CEE}.Debug|Any CPU.Build.0 = Debug|Any CPU
		{9980DBFD-4E3D-49C0-A9C5-636255E47CEE}.Debug|x64.ActiveCfg = Debug|Any CPU
		{9980DBFD-4E3D-49C0-A9C5-636255E47CEE}.Debug|x64.Build.0 = Debug|Any CPU
		{9980DBFD-4E3D-49C0-A9C5-636255E47CEE}.Debug|x86.ActiveCfg = Debug|Any CPU
		{9980DBFD-4E3D-49C0-A9C5-636255E47CEE}.Debug|x86.Build.0 = Debug|Any CPU
		{9980DBFD-4E3D-49C0-A9C5-636255E47CEE}.Release|Any CPU.ActiveCfg = Release|Any CPU
		{9980DBFD-4E3D-49C0-A9C5-636255E47CEE}.Release|Any CPU.Build.0 = Release|Any CPU
		{9980DBFD-4E3D-49C0-A9C5-636255E47CEE}.Release|x64.ActiveCfg = Release|Any CPU
		{9980DBFD-4E3D-49C0-A9C5-636255E47CEE}.Release|x64.Build.0 = Release|Any CPU
		{9980DBFD-4E3D-49C0-A9C5-636255E47CEE}.Release|x86.ActiveCfg = Release|Any CPU
		{9980DBFD-4E3D-49C0-A9C5-636255E47CEE}.Release|x86.Build.0 = Release|Any CPU
		{A7B3AB14-2514-4F91-9C3F-F6B984391817}.Debug|Any CPU.ActiveCfg = Debug|Any CPU
		{A7B3AB14-2514-4F91-9C3F-F6B984391817}.Debug|Any CPU.Build.0 = Debug|Any CPU
		{A7B3AB14-2514-4F91-9C3F-F6B984391817}.Debug|x64.ActiveCfg = Debug|Any CPU
		{A7B3AB14-2514-4F91-9C3F-F6B984391817}.Debug|x64.Build.0 = Debug|Any CPU
		{A7B3AB14-2514-4F91-9C3F-F6B984391817}.Debug|x86.ActiveCfg = Debug|Any CPU
		{A7B3AB14-2514-4F91-9C3F-F6B984391817}.Debug|x86.Build.0 = Debug|Any CPU
		{A7B3AB14-2514-4F91-9C3F-F6B984391817}.Release|Any CPU.ActiveCfg = Release|Any CPU
		{A7B3AB14-2514-4F91-9C3F-F6B984391817}.Release|Any CPU.Build.0 = Release|Any CPU
		{A7B3AB14-2514-4F91-9C3F-F6B984391817}.Release|x64.ActiveCfg = Release|Any CPU
		{A7B3AB14-2514-4F91-9C3F-F6B984391817}.Release|x64.Build.0 = Release|Any CPU
		{A7B3AB14-2514-4F91-9C3F-F6B984391817}.Release|x86.ActiveCfg = Release|Any CPU
		{A7B3AB14-2514-4F91-9C3F-F6B984391817}.Release|x86.Build.0 = Release|Any CPU
		{1DCBE8B9-E301-442B-AB3C-49006B7C6A1C}.Debug|Any CPU.ActiveCfg = Debug|Any CPU
		{1DCBE8B9-E301-442B-AB3C-49006B7C6A1C}.Debug|Any CPU.Build.0 = Debug|Any CPU
		{1DCBE8B9-E301-442B-AB3C-49006B7C6A1C}.Debug|x64.ActiveCfg = Debug|Any CPU
		{1DCBE8B9-E301-442B-AB3C-49006B7C6A1C}.Debug|x64.Build.0 = Debug|Any CPU
		{1DCBE8B9-E301-442B-AB3C-49006B7C6A1C}.Debug|x86.ActiveCfg = Debug|Any CPU
		{1DCBE8B9-E301-442B-AB3C-49006B7C6A1C}.Debug|x86.Build.0 = Debug|Any CPU
		{1DCBE8B9-E301-442B-AB3C-49006B7C6A1C}.Release|Any CPU.ActiveCfg = Release|Any CPU
		{1DCBE8B9-E301-442B-AB3C-49006B7C6A1C}.Release|Any CPU.Build.0 = Release|Any CPU
		{1DCBE8B9-E301-442B-AB3C-49006B7C6A1C}.Release|x64.ActiveCfg = Release|Any CPU
		{1DCBE8B9-E301-442B-AB3C-49006B7C6A1C}.Release|x64.Build.0 = Release|Any CPU
		{1DCBE8B9-E301-442B-AB3C-49006B7C6A1C}.Release|x86.ActiveCfg = Release|Any CPU
		{1DCBE8B9-E301-442B-AB3C-49006B7C6A1C}.Release|x86.Build.0 = Release|Any CPU
		{2F3B71C3-18AD-4AE5-8D4A-DA298F1DEFE2}.Debug|Any CPU.ActiveCfg = Debug|Any CPU
		{2F3B71C3-18AD-4AE5-8D4A-DA298F1DEFE2}.Debug|Any CPU.Build.0 = Debug|Any CPU
		{2F3B71C3-18AD-4AE5-8D4A-DA298F1DEFE2}.Debug|x64.ActiveCfg = Debug|Any CPU
		{2F3B71C3-18AD-4AE5-8D4A-DA298F1DEFE2}.Debug|x64.Build.0 = Debug|Any CPU
		{2F3B71C3-18AD-4AE5-8D4A-DA298F1DEFE2}.Debug|x86.ActiveCfg = Debug|Any CPU
		{2F3B71C3-18AD-4AE5-8D4A-DA298F1DEFE2}.Debug|x86.Build.0 = Debug|Any CPU
		{2F3B71C3-18AD-4AE5-8D4A-DA298F1DEFE2}.Release|Any CPU.ActiveCfg = Release|Any CPU
		{2F3B71C3-18AD-4AE5-8D4A-DA298F1DEFE2}.Release|Any CPU.Build.0 = Release|Any CPU
		{2F3B71C3-18AD-4AE5-8D4A-DA298F1DEFE2}.Release|x64.ActiveCfg = Release|Any CPU
		{2F3B71C3-18AD-4AE5-8D4A-DA298F1DEFE2}.Release|x64.Build.0 = Release|Any CPU
		{2F3B71C3-18AD-4AE5-8D4A-DA298F1DEFE2}.Release|x86.ActiveCfg = Release|Any CPU
		{2F3B71C3-18AD-4AE5-8D4A-DA298F1DEFE2}.Release|x86.Build.0 = Release|Any CPU
		{F603660C-64F1-4BB6-8E0E-19CBCBEA9BAB}.Debug|Any CPU.ActiveCfg = Debug|Any CPU
		{F603660C-64F1-4BB6-8E0E-19CBCBEA9BAB}.Debug|Any CPU.Build.0 = Debug|Any CPU
		{F603660C-64F1-4BB6-8E0E-19CBCBEA9BAB}.Debug|x64.ActiveCfg = Debug|Any CPU
		{F603660C-64F1-4BB6-8E0E-19CBCBEA9BAB}.Debug|x64.Build.0 = Debug|Any CPU
		{F603660C-64F1-4BB6-8E0E-19CBCBEA9BAB}.Debug|x86.ActiveCfg = Debug|Any CPU
		{F603660C-64F1-4BB6-8E0E-19CBCBEA9BAB}.Debug|x86.Build.0 = Debug|Any CPU
		{F603660C-64F1-4BB6-8E0E-19CBCBEA9BAB}.Release|Any CPU.ActiveCfg = Release|Any CPU
		{F603660C-64F1-4BB6-8E0E-19CBCBEA9BAB}.Release|Any CPU.Build.0 = Release|Any CPU
		{F603660C-64F1-4BB6-8E0E-19CBCBEA9BAB}.Release|x64.ActiveCfg = Release|Any CPU
		{F603660C-64F1-4BB6-8E0E-19CBCBEA9BAB}.Release|x64.Build.0 = Release|Any CPU
		{F603660C-64F1-4BB6-8E0E-19CBCBEA9BAB}.Release|x86.ActiveCfg = Release|Any CPU
		{F603660C-64F1-4BB6-8E0E-19CBCBEA9BAB}.Release|x86.Build.0 = Release|Any CPU
		{63027005-BCCC-4B62-8400-646D2F136F24}.Debug|Any CPU.ActiveCfg = Debug|Any CPU
		{63027005-BCCC-4B62-8400-646D2F136F24}.Debug|Any CPU.Build.0 = Debug|Any CPU
		{63027005-BCCC-4B62-8400-646D2F136F24}.Debug|x64.ActiveCfg = Debug|Any CPU
		{63027005-BCCC-4B62-8400-646D2F136F24}.Debug|x64.Build.0 = Debug|Any CPU
		{63027005-BCCC-4B62-8400-646D2F136F24}.Debug|x86.ActiveCfg = Debug|Any CPU
		{63027005-BCCC-4B62-8400-646D2F136F24}.Debug|x86.Build.0 = Debug|Any CPU
		{63027005-BCCC-4B62-8400-646D2F136F24}.Release|Any CPU.ActiveCfg = Release|Any CPU
		{63027005-BCCC-4B62-8400-646D2F136F24}.Release|Any CPU.Build.0 = Release|Any CPU
		{63027005-BCCC-4B62-8400-646D2F136F24}.Release|x64.ActiveCfg = Release|Any CPU
		{63027005-BCCC-4B62-8400-646D2F136F24}.Release|x64.Build.0 = Release|Any CPU
		{63027005-BCCC-4B62-8400-646D2F136F24}.Release|x86.ActiveCfg = Release|Any CPU
		{63027005-BCCC-4B62-8400-646D2F136F24}.Release|x86.Build.0 = Release|Any CPU
	EndGlobalSection
	GlobalSection(SolutionProperties) = preSolution
		HideSolutionNode = FALSE
	EndGlobalSection
	GlobalSection(NestedProjects) = preSolution
		{E5E7FB28-97BE-460E-85EB-3C6511E1C855} = {827E0CD3-B72D-47B6-A68D-7590B98EB39B}
		{31DF80EA-9C24-28AF-6C54-B5074EAD457F} = {827E0CD3-B72D-47B6-A68D-7590B98EB39B}
		{42E33719-DA51-4DDC-9114-AF9A9CEF6823} = {31DF80EA-9C24-28AF-6C54-B5074EAD457F}
		{23F4DC18-021F-4094-A3DE-61E26C0917A3} = {31DF80EA-9C24-28AF-6C54-B5074EAD457F}
		{21642040-6849-4D18-80BF-09A6743973E3} = {31DF80EA-9C24-28AF-6C54-B5074EAD457F}
		{3A0C7959-720D-4FAB-B558-57C894588C4A} = {31DF80EA-9C24-28AF-6C54-B5074EAD457F}
		{0F2C3962-FD03-1987-7748-B29F7E46B013} = {827E0CD3-B72D-47B6-A68D-7590B98EB39B}
		{7774C2C4-BF59-4F2D-8E1A-7D5B4B106AC2} = {0F2C3962-FD03-1987-7748-B29F7E46B013}
		{4076A0D4-D5A2-416A-9CFC-3EF09A2902F3} = {0F2C3962-FD03-1987-7748-B29F7E46B013}
		{C0B21580-CE89-4980-96C9-AF204260835B} = {0F2C3962-FD03-1987-7748-B29F7E46B013}
		{49950435-BFFD-498F-9A87-43E61DF717E6} = {0F2C3962-FD03-1987-7748-B29F7E46B013}
		{07CFF650-5DA0-40E6-94EB-C5F1BEDD011E} = {0AB3BF05-4346-4AA6-1389-037BE0695223}
		{21C3D9E1-F99A-45AE-94F1-147561BC859E} = {0AB3BF05-4346-4AA6-1389-037BE0695223}
		{C11794AA-9651-1D42-7E92-92BC8E731CB5} = {EAD3EB8E-70DD-C817-30E7-F7678650DC22}
		{D8F16117-CADC-CBB4-4310-268A93D36F57} = {C11794AA-9651-1D42-7E92-92BC8E731CB5}
		{9980DBFD-4E3D-49C0-A9C5-636255E47CEE} = {D8F16117-CADC-CBB4-4310-268A93D36F57}
		{A7B3AB14-2514-4F91-9C3F-F6B984391817} = {D8F16117-CADC-CBB4-4310-268A93D36F57}
		{1DCBE8B9-E301-442B-AB3C-49006B7C6A1C} = {D8F16117-CADC-CBB4-4310-268A93D36F57}
		{2F3B71C3-18AD-4AE5-8D4A-DA298F1DEFE2} = {D8F16117-CADC-CBB4-4310-268A93D36F57}
		{F603660C-64F1-4BB6-8E0E-19CBCBEA9BAB} = {C11794AA-9651-1D42-7E92-92BC8E731CB5}
		{63027005-BCCC-4B62-8400-646D2F136F24} = {C11794AA-9651-1D42-7E92-92BC8E731CB5}
	EndGlobalSection
EndGlobal
